
Microsoft Visual Studio Solution File, Format Version 12.00
# Visual Studio 15
VisualStudioVersion = 15.0.28307.421
MinimumVisualStudioVersion = 10.0.40219.1
Project("{FAE04EC0-301F-11D3-BF4B-00C04F79EFBC}") = "DISPLAY_ASTERISKS_Dylan_Hughes", "DISPLAY_ASTERISKS_Dylan_Hughes.csproj", "{EDD8ED32-5AFD-42BE-B2F2-F350E787BC12}"
EndProject
Global
	GlobalSection(SolutionConfigurationPlatforms) = preSolution
		Debug|Any CPU = Debug|Any CPU
		Release|Any CPU = Release|Any CPU
	EndGlobalSection
	GlobalSection(ProjectConfigurationPlatforms) = postSolution
		{EDD8ED32-5AFD-42BE-B2F2-F350E787BC12}.Debug|Any CPU.ActiveCfg = Debug|Any CPU
		{EDD8ED32-5AFD-42BE-B2F2-F350E787BC12}.Debug|Any CPU.Build.0 = Debug|Any CPU
		{EDD8ED32-5AFD-42BE-B2F2-F350E787BC12}.Release|Any CPU.ActiveCfg = Release|Any CPU
		{EDD8ED32-5AFD-42BE-B2F2-F350E787BC12}.Release|Any CPU.Build.0 = Release|Any CPU
	EndGlobalSection
	GlobalSection(SolutionProperties) = preSolution
		HideSolutionNode = FALSE
	EndGlobalSection
	GlobalSection(ExtensibilityGlobals) = postSolution
		SolutionGuid = {4E396AF3-DEBF-4F80-9AAC-2E1F2BF45E02}
	EndGlobalSection
EndGlobal
